
Microsoft Visual Studio Solution File, Format Version 12.00
# Visual Studio Version 17
VisualStudioVersion = 17.0.31903.59
MinimumVisualStudioVersion = 10.0.40219.1
Project("{FAE04EC0-301F-11D3-BF4B-00C04F79EFBC}") = "DynamicsReporting.API", "Backend\DynamicsReporting.API\DynamicsReporting.API.csproj", "{B822B04F-A282-4521-98C1-B927C5AFE21E}"
EndProject
Project("{FAE04EC0-301F-11D3-BF4B-00C04F79EFBC}") = "DynamicsReporting.BusinessLogic", "Backend\DynamicsReporting.BusinessLogic\DynamicsReporting.BusinessLogic.csproj", "{E1C7DB5F-5011-405D-9633-16C9DE8EDBEA}"
EndProject
Project("{FAE04EC0-301F-11D3-BF4B-00C04F79EFBC}") = "DynamicsReporting.DataAccess", "Backend\DynamicsReporting.DataAccess\DynamicsReporting.DataAccess.csproj", "{8F264390-01DC-494D-AD96-602FF949C587}"
EndProject
Project("{FAE04EC0-301F-11D3-BF4B-00C04F79EFBC}") = "DynamicsReporting.Models", "Backend\DynamicsReporting.Models\DynamicsReporting.Models.csproj", "{11DD1B40-CC71-42EA-A3A6-3C795A535FCF}"
EndProject
Project("{FAE04EC0-301F-11D3-BF4B-00C04F79EFBC}") = "DynamicsReporting.ExternalService", "Backend\DynamicsReporting.ExternalService\DynamicsReporting.ExternalService.csproj", "{D91F93CE-6929-418E-A2D1-61EEFC8BC8D0}"
EndProject
Project("{FAE04EC0-301F-11D3-BF4B-00C04F79EFBC}") = "DynamicsReporting.Web", "FrontEnd\DynamicsReporting.Web\DynamicsReporting.Web.csproj", "{AF383988-4952-415D-87BA-DDCDA436460C}"
EndProject
Global
	GlobalSection(SolutionConfigurationPlatforms) = preSolution
		Debug|Any CPU = Debug|Any CPU
		Debug|x64 = Debug|x64
		Debug|x86 = Debug|x86
		Release|Any CPU = Release|Any CPU
		Release|x64 = Release|x64
		Release|x86 = Release|x86
	EndGlobalSection
	GlobalSection(ProjectConfigurationPlatforms) = postSolution
		{B822B04F-A282-4521-98C1-B927C5AFE21E}.Debug|Any CPU.ActiveCfg = Debug|Any CPU
		{B822B04F-A282-4521-98C1-B927C5AFE21E}.Debug|Any CPU.Build.0 = Debug|Any CPU
		{B822B04F-A282-4521-98C1-B927C5AFE21E}.Debug|x64.ActiveCfg = Debug|Any CPU
		{B822B04F-A282-4521-98C1-B927C5AFE21E}.Debug|x64.Build.0 = Debug|Any CPU
		{B822B04F-A282-4521-98C1-B927C5AFE21E}.Debug|x86.ActiveCfg = Debug|Any CPU
		{B822B04F-A282-4521-98C1-B927C5AFE21E}.Debug|x86.Build.0 = Debug|Any CPU
		{B822B04F-A282-4521-98C1-B927C5AFE21E}.Release|Any CPU.ActiveCfg = Release|Any CPU
		{B822B04F-A282-4521-98C1-B927C5AFE21E}.Release|Any CPU.Build.0 = Release|Any CPU
		{B822B04F-A282-4521-98C1-B927C5AFE21E}.Release|x64.ActiveCfg = Release|Any CPU
		{B822B04F-A282-4521-98C1-B927C5AFE21E}.Release|x64.Build.0 = Release|Any CPU
		{B822B04F-A282-4521-98C1-B927C5AFE21E}.Release|x86.ActiveCfg = Release|Any CPU
		{B822B04F-A282-4521-98C1-B927C5AFE21E}.Release|x86.Build.0 = Release|Any CPU
		{E1C7DB5F-5011-405D-9633-16C9DE8EDBEA}.Debug|Any CPU.ActiveCfg = Debug|Any CPU
		{E1C7DB5F-5011-405D-9633-16C9DE8EDBEA}.Debug|Any CPU.Build.0 = Debug|Any CPU
		{E1C7DB5F-5011-405D-9633-16C9DE8EDBEA}.Debug|x64.ActiveCfg = Debug|Any CPU
		{E1C7DB5F-5011-405D-9633-16C9DE8EDBEA}.Debug|x64.Build.0 = Debug|Any CPU
		{E1C7DB5F-5011-405D-9633-16C9DE8EDBEA}.Debug|x86.ActiveCfg = Debug|Any CPU
		{E1C7DB5F-5011-405D-9633-16C9DE8EDBEA}.Debug|x86.Build.0 = Debug|Any CPU
		{E1C7DB5F-5011-405D-9633-16C9DE8EDBEA}.Release|Any CPU.ActiveCfg = Release|Any CPU
		{E1C7DB5F-5011-405D-9633-16C9DE8EDBEA}.Release|Any CPU.Build.0 = Release|Any CPU
		{E1C7DB5F-5011-405D-9633-16C9DE8EDBEA}.Release|x64.ActiveCfg = Release|Any CPU
		{E1C7DB5F-5011-405D-9633-16C9DE8EDBEA}.Release|x64.Build.0 = Release|Any CPU
		{E1C7DB5F-5011-405D-9633-16C9DE8EDBEA}.Release|x86.ActiveCfg = Release|Any CPU
		{E1C7DB5F-5011-405D-9633-16C9DE8EDBEA}.Release|x86.Build.0 = Release|Any CPU
		{8F264390-01DC-494D-AD96-602FF949C587}.Debug|Any CPU.ActiveCfg = Debug|Any CPU
		{8F264390-01DC-494D-AD96-602FF949C587}.Debug|Any CPU.Build.0 = Debug|Any CPU
		{8F264390-01DC-494D-AD96-602FF949C587}.Debug|x64.ActiveCfg = Debug|Any CPU
		{8F264390-01DC-494D-AD96-602FF949C587}.Debug|x64.Build.0 = Debug|Any CPU
		{8F264390-01DC-494D-AD96-602FF949C587}.Debug|x86.ActiveCfg = Debug|Any CPU
		{8F264390-01DC-494D-AD96-602FF949C587}.Debug|x86.Build.0 = Debug|Any CPU
		{8F264390-01DC-494D-AD96-602FF949C587}.Release|Any CPU.ActiveCfg = Release|Any CPU
		{8F264390-01DC-494D-AD96-602FF949C587}.Release|Any CPU.Build.0 = Release|Any CPU
		{8F264390-01DC-494D-AD96-602FF949C587}.Release|x64.ActiveCfg = Release|Any CPU
		{8F264390-01DC-494D-AD96-602FF949C587}.Release|x64.Build.0 = Release|Any CPU
		{8F264390-01DC-494D-AD96-602FF949C587}.Release|x86.ActiveCfg = Release|Any CPU
		{8F264390-01DC-494D-AD96-602FF949C587}.Release|x86.Build.0 = Release|Any CPU
		{11DD1B40-CC71-42EA-A3A6-3C795A535FCF}.Debug|Any CPU.ActiveCfg = Debug|Any CPU
		{11DD1B40-CC71-42EA-A3A6-3C795A535FCF}.Debug|Any CPU.Build.0 = Debug|Any CPU
		{11DD1B40-CC71-42EA-A3A6-3C795A535FCF}.Debug|x64.ActiveCfg = Debug|Any CPU
		{11DD1B40-CC71-42EA-A3A6-3C795A535FCF}.Debug|x64.Build.0 = Debug|Any CPU
		{11DD1B40-CC71-42EA-A3A6-3C795A535FCF}.Debug|x86.ActiveCfg = Debug|Any CPU
		{11DD1B40-CC71-42EA-A3A6-3C795A535FCF}.Debug|x86.Build.0 = Debug|Any CPU
		{11DD1B40-CC71-42EA-A3A6-3C795A535FCF}.Release|Any CPU.ActiveCfg = Release|Any CPU
		{11DD1B40-CC71-42EA-A3A6-3C795A535FCF}.Release|Any CPU.Build.0 = Release|Any CPU
		{11DD1B40-CC71-42EA-A3A6-3C795A535FCF}.Release|x64.ActiveCfg = Release|Any CPU
		{11DD1B40-CC71-42EA-A3A6-3C795A535FCF}.Release|x64.Build.0 = Release|Any CPU
		{11DD1B40-CC71-42EA-A3A6-3C795A535FCF}.Release|x86.ActiveCfg = Release|Any CPU
		{11DD1B40-CC71-42EA-A3A6-3C795A535FCF}.Release|x86.Build.0 = Release|Any CPU
		{D91F93CE-6929-418E-A2D1-61EEFC8BC8D0}.Debug|Any CPU.ActiveCfg = Debug|Any CPU
		{D91F93CE-6929-418E-A2D1-61EEFC8BC8D0}.Debug|Any CPU.Build.0 = Debug|Any CPU
		{D91F93CE-6929-418E-A2D1-61EEFC8BC8D0}.Debug|x64.ActiveCfg = Debug|Any CPU
		{D91F93CE-6929-418E-A2D1-61EEFC8BC8D0}.Debug|x64.Build.0 = Debug|Any CPU
		{D91F93CE-6929-418E-A2D1-61EEFC8BC8D0}.Debug|x86.ActiveCfg = Debug|Any CPU
		{D91F93CE-6929-418E-A2D1-61EEFC8BC8D0}.Debug|x86.Build.0 = Debug|Any CPU
		{D91F93CE-6929-418E-A2D1-61EEFC8BC8D0}.Release|Any CPU.ActiveCfg = Release|Any CPU
		{D91F93CE-6929-418E-A2D1-61EEFC8BC8D0}.Release|Any CPU.Build.0 = Release|Any CPU
		{D91F93CE-6929-418E-A2D1-61EEFC8BC8D0}.Release|x64.ActiveCfg = Release|Any CPU
		{D91F93CE-6929-418E-A2D1-61EEFC8BC8D0}.Release|x64.Build.0 = Release|Any CPU
		{D91F93CE-6929-418E-A2D1-61EEFC8BC8D0}.Release|x86.ActiveCfg = Release|Any CPU
		{D91F93CE-6929-418E-A2D1-61EEFC8BC8D0}.Release|x86.Build.0 = Release|Any CPU
		{AF383988-4952-415D-87BA-DDCDA436460C}.Debug|Any CPU.ActiveCfg = Debug|Any CPU
		{AF383988-4952-415D-87BA-DDCDA436460C}.Debug|Any CPU.Build.0 = Debug|Any CPU
		{AF383988-4952-415D-87BA-DDCDA436460C}.Debug|x64.ActiveCfg = Debug|Any CPU
		{AF383988-4952-415D-87BA-DDCDA436460C}.Debug|x64.Build.0 = Debug|Any CPU
		{AF383988-4952-415D-87BA-DDCDA436460C}.Debug|x86.ActiveCfg = Debug|Any CPU
		{AF383988-4952-415D-87BA-DDCDA436460C}.Debug|x86.Build.0 = Debug|Any CPU
		{AF383988-4952-415D-87BA-DDCDA436460C}.Release|Any CPU.ActiveCfg = Release|Any CPU
		{AF383988-4952-415D-87BA-DDCDA436460C}.Release|Any CPU.Build.0 = Release|Any CPU
		{AF383988-4952-415D-87BA-DDCDA436460C}.Release|x64.ActiveCfg = Release|Any CPU
		{AF383988-4952-415D-87BA-DDCDA436460C}.Release|x64.Build.0 = Release|Any CPU
		{AF383988-4952-415D-87BA-DDCDA436460C}.Release|x86.ActiveCfg = Release|Any CPU
		{AF383988-4952-415D-87BA-DDCDA436460C}.Release|x86.Build.0 = Release|Any CPU
	EndGlobalSection
	GlobalSection(SolutionProperties) = preSolution
		HideSolutionNode = FALSE
	EndGlobalSection
	GlobalSection(ExtensibilityGlobals) = postSolution
		SolutionGuid = {B7EA34E6-3DEA-4E2F-A931-4B3BB7A415C0}
	EndGlobalSection
EndGlobal
